version = 1
revision = 1
requires-python = ">=3.12"
resolution-markers = [
    "sys_platform == 'darwin'",
    "platform_machine == 'aarch64' and sys_platform == 'linux'",
    "(platform_machine != 'aarch64' and sys_platform == 'linux') or (sys_platform != 'darwin' and sys_platform != 'linux')",
]

[[package]]
name = "colorzero"
version = "2.0"
source = { registry = "https://pypi.org/simple" }
dependencies = [
    { name = "setuptools" },
]
sdist = { url = "https://files.pythonhosted.org/packages/b3/ca/688824a06e8c4d04c7d2fd2af2d8da27bed51af20ee5f094154e1d680334/colorzero-2.0.tar.gz", hash = "sha256:e7d5a5c26cd0dc37b164ebefc609f388de24f8593b659191e12d85f8f9d5eb58", size = 25382 }
wheels = [
    { url = "https://files.pythonhosted.org/packages/7e/a6/ddd0f130e44a7593ac6c55aa93f6e256d2270fd88e9d1b64ab7f22ab8fde/colorzero-2.0-py2.py3-none-any.whl", hash = "sha256:0e60d743a6b8071498a56465f7719c96a5e92928f858bab1be2a0d606c9aa0f8", size = 26573 },
]

[[package]]
name = "gpiozero"
version = "2.0.1"
source = { registry = "https://pypi.org/simple" }
dependencies = [
    { name = "colorzero" },
]
sdist = { url = "https://files.pythonhosted.org/packages/e4/47/334b8db8a981eca9a0fb1e7e48e1997a5eaa8f40bb31c504299dcca0e6ff/gpiozero-2.0.1.tar.gz", hash = "sha256:d4ea1952689ec7e331f9d4ebc9adb15f1d01c2c9dcfabb72e752c9869ab7e97e", size = 136176 }
wheels = [
    { url = "https://files.pythonhosted.org/packages/02/eb/6518a1b00488d48995034226846653c382d676cf5f04be62b3c3fae2c6a1/gpiozero-2.0.1-py3-none-any.whl", hash = "sha256:8f621de357171d574c0b7ea0e358cb66e560818a47b0eeedf41ce1cdbd20c70b", size = 150818 },
]

[[package]]
name = "numpy"
version = "2.3.4"
source = { registry = "https://pypi.org/simple" }
sdist = { url = "https://files.pythonhosted.org/packages/b5/f4/098d2270d52b41f1bd7db9fc288aaa0400cb48c2a3e2af6fa365d9720947/numpy-2.3.4.tar.gz", hash = "sha256:a7d018bfedb375a8d979ac758b120ba846a7fe764911a64465fd87b8729f4a6a", size = 20582187 }
wheels = [
    { url = "https://files.pythonhosted.org/packages/96/7a/02420400b736f84317e759291b8edaeee9dc921f72b045475a9cbdb26b17/numpy-2.3.4-cp312-cp312-macosx_10_13_x86_64.whl", hash = "sha256:ef1b5a3e808bc40827b5fa2c8196151a4c5abe110e1726949d7abddfe5c7ae11", size = 20957727 },
    { url = "https://files.pythonhosted.org/packages/18/90/a014805d627aa5750f6f0e878172afb6454552da929144b3c07fcae1bb13/numpy-2.3.4-cp312-cp312-macosx_11_0_arm64.whl", hash = "sha256:c2f91f496a87235c6aaf6d3f3d89b17dba64996abadccb289f48456cff931ca9", size = 14187262 },
    { url = "https://files.pythonhosted.org/packages/c7/e4/0a94b09abe89e500dc748e7515f21a13e30c5c3fe3396e6d4ac108c25fca/numpy-2.3.4-cp312-cp312-macosx_14_0_arm64.whl", hash = "sha256:f77e5b3d3da652b474cc80a14084927a5e86a5eccf54ca8ca5cbd697bf7f2667", size = 5115992 },
    { url = "https://files.pythonhosted.org/packages/88/dd/db77c75b055c6157cbd4f9c92c4458daef0dd9cbe6d8d2fe7f803cb64c37/numpy-2.3.4-cp312-cp312-macosx_14_0_x86_64.whl", hash = "sha256:8ab1c5f5ee40d6e01cbe96de5863e39b215a4d24e7d007cad56c7184fdf4aeef", size = 6648672 },
    { url = "https://files.pythonhosted.org/packages/e1/e6/e31b0d713719610e406c0ea3ae0d90760465b086da8783e2fd835ad59027/numpy-2.3.4-cp312-cp312-manylinux_2_27_aarch64.manylinux_2_28_aarch64.whl", hash = "sha256:77b84453f3adcb994ddbd0d1c5d11db2d6bda1a2b7fd5ac5bd4649d6f5dc682e", size = 14284156 },
    { url = "https://files.pythonhosted.org/packages/f9/58/30a85127bfee6f108282107caf8e06a1f0cc997cb6b52cdee699276fcce4/numpy-2.3.4-cp312-cp312-manylinux_2_27_x86_64.manylinux_2_28_x86_64.whl", hash = "sha256:4121c5beb58a7f9e6dfdee612cb24f4df5cd4db6e8261d7f4d7450a997a65d6a", size = 16641271 },
    { url = "https://files.pythonhosted.org/packages/06/f2/2e06a0f2adf23e3ae29283ad96959267938d0efd20a2e25353b70065bfec/numpy-2.3.4-cp312-cp312-musllinux_1_2_aarch64.whl", hash = "sha256:65611ecbb00ac9846efe04db15cbe6186f562f6bb7e5e05f077e53a599225d16", size = 16059531 },
    { url = "https://files.pythonhosted.org/packages/b0/e7/b106253c7c0d5dc352b9c8fab91afd76a93950998167fa3e5afe4ef3a18f/numpy-2.3.4-cp312-cp312-musllinux_1_2_x86_64.whl", hash = "sha256:dabc42f9c6577bcc13001b8810d300fe814b4cfbe8a92c873f269484594f9786", size = 18578983 },
    { url = "https://files.pythonhosted.org/packages/73/e3/04ecc41e71462276ee867ccbef26a4448638eadecf1bc56772c9ed6d0255/numpy-2.3.4-cp312-cp312-win32.whl", hash = "sha256:a49d797192a8d950ca59ee2d0337a4d804f713bb5c3c50e8db26d49666e351dc", size = 6291380 },
    { url = "https://files.pythonhosted.org/packages/3d/a8/566578b10d8d0e9955b1b6cd5db4e9d4592dd0026a941ff7994cedda030a/numpy-2.3.4-cp312-cp312-win_amd64.whl", hash = "sha256:985f1e46358f06c2a09921e8921e2c98168ed4ae12ccd6e5e87a4f1857923f32", size = 12787999 },
    { url = "https://files.pythonhosted.org/packages/58/22/9c903a957d0a8071b607f5b1bff0761d6e608b9a965945411f867d515db1/numpy-2.3.4-cp312-cp312-win_arm64.whl", hash = "sha256:4635239814149e06e2cb9db3dd584b2fa64316c96f10656983b8026a82e6e4db", size = 10197412 },
    { url = "https://files.pythonhosted.org/packages/57/7e/b72610cc91edf138bc588df5150957a4937221ca6058b825b4725c27be62/numpy-2.3.4-cp313-cp313-macosx_10_13_x86_64.whl", hash = "sha256:c090d4860032b857d94144d1a9976b8e36709e40386db289aaf6672de2a81966", size = 20950335 },
    { url = "https://files.pythonhosted.org/packages/3e/46/bdd3370dcea2f95ef14af79dbf81e6927102ddf1cc54adc0024d61252fd9/numpy-2.3.4-cp313-cp313-macosx_11_0_arm64.whl", hash = "sha256:a13fc473b6db0be619e45f11f9e81260f7302f8d180c49a22b6e6120022596b3", size = 14179878 },
    { url = "https://files.pythonhosted.org/packages/ac/01/5a67cb785bda60f45415d09c2bc245433f1c68dd82eef9c9002c508b5a65/numpy-2.3.4-cp313-cp313-macosx_14_0_arm64.whl", hash = "sha256:3634093d0b428e6c32c3a69b78e554f0cd20ee420dcad5a9f3b2a63762ce4197", size = 5108673 },
    { url = "https://files.pythonhosted.org/packages/c2/cd/8428e23a9fcebd33988f4cb61208fda832800ca03781f471f3727a820704/numpy-2.3.4-cp313-cp313-macosx_14_0_x86_64.whl", hash = "sha256:043885b4f7e6e232d7df4f51ffdef8c36320ee9d5f227b380ea636722c7ed12e", size = 6641438 },
    { url = "https://files.pythonhosted.org/packages/3e/d1/913fe563820f3c6b079f992458f7331278dcd7ba8427e8e745af37ddb44f/numpy-2.3.4-cp313-cp313-manylinux_2_27_aarch64.manylinux_2_28_aarch64.whl", hash = "sha256:4ee6a571d1e4f0ea6d5f22d6e5fbd6ed1dc2b18542848e1e7301bd190500c9d7", size = 14281290 },
    { url = "https://files.pythonhosted.org/packages/9e/7e/7d306ff7cb143e6d975cfa7eb98a93e73495c4deabb7d1b5ecf09ea0fd69/numpy-2.3.4-cp313-cp313-manylinux_2_27_x86_64.manylinux_2_28_x86_64.whl", hash = "sha256:fc8a63918b04b8571789688b2780ab2b4a33ab44bfe8ccea36d3eba51228c953", size = 16636543 },
    { url = "https://files.pythonhosted.org/packages/47/6a/8cfc486237e56ccfb0db234945552a557ca266f022d281a2f577b98e955c/numpy-2.3.4-cp313-cp313-musllinux_1_2_aarch64.whl", hash = "sha256:40cc556d5abbc54aabe2b1ae287042d7bdb80c08edede19f0c0afb36ae586f37", size = 16056117 },
    { url = "https://files.pythonhosted.org/packages/b1/0e/42cb5e69ea901e06ce24bfcc4b5664a56f950a70efdcf221f30d9615f3f3/numpy-2.3.4-cp313-cp313-musllinux_1_2_x86_64.whl", hash = "sha256:ecb63014bb7f4ce653f8be7f1df8cbc6093a5a2811211770f6606cc92b5a78fd", size = 18577788 },
    { url = "https://files.pythonhosted.org/packages/86/92/41c3d5157d3177559ef0a35da50f0cda7fa071f4ba2306dd36818591a5bc/numpy-2.3.4-cp313-cp313-win32.whl", hash = "sha256:e8370eb6925bb8c1c4264fec52b0384b44f675f191df91cbe0140ec9f0955646", size = 6282620 },
    { url = "https://files.pythonhosted.org/packages/09/97/fd421e8bc50766665ad35536c2bb4ef916533ba1fdd053a62d96cc7c8b95/numpy-2.3.4-cp313-cp313-win_amd64.whl", hash = "sha256:56209416e81a7893036eea03abcb91c130643eb14233b2515c90dcac963fe99d", size = 12784672 },
    { url = "https://files.pythonhosted.org/packages/ad/df/5474fb2f74970ca8eb978093969b125a84cc3d30e47f82191f981f13a8a0/numpy-2.3.4-cp313-cp313-win_arm64.whl", hash = "sha256:a700a4031bc0fd6936e78a752eefb79092cecad2599ea9c8039c548bc097f9bc", size = 10196702 },
    { url = "https://files.pythonhosted.org/packages/11/83/66ac031464ec1767ea3ed48ce40f615eb441072945e98693bec0bcd056cc/numpy-2.3.4-cp313-cp313t-macosx_10_13_x86_64.whl", hash = "sha256:86966db35c4040fdca64f0816a1c1dd8dbd027d90fca5a57e00e1ca4cd41b879", size = 21049003 },
    { url = "https://files.pythonhosted.org/packages/5f/99/5b14e0e686e61371659a1d5bebd04596b1d72227ce36eed121bb0aeab798/numpy-2.3.4-cp313-cp313t-macosx_11_0_arm64.whl", hash = "sha256:838f045478638b26c375ee96ea89464d38428c69170360b23a1a50fa4baa3562", size = 14302980 },
    { url = "https://files.pythonhosted.org/packages/2c/44/e9486649cd087d9fc6920e3fc3ac2aba10838d10804b1e179fb7cbc4e634/numpy-2.3.4-cp313-cp313t-macosx_14_0_arm64.whl", hash = "sha256:d7315ed1dab0286adca467377c8381cd748f3dc92235f22a7dfc42745644a96a", size = 5231472 },
    { url = "https://files.pythonhosted.org/packages/3e/51/902b24fa8887e5fe2063fd61b1895a476d0bbf46811ab0c7fdf4bd127345/numpy-2.3.4-cp313-cp313t-macosx_14_0_x86_64.whl", hash = "sha256:84f01a4d18b2cc4ade1814a08e5f3c907b079c847051d720fad15ce37aa930b6", size = 6739342 },
    { url = "https://files.pythonhosted.org/packages/34/f1/4de9586d05b1962acdcdb1dc4af6646361a643f8c864cef7c852bf509740/numpy-2.3.4-cp313-cp313t-manylinux_2_27_aarch64.manylinux_2_28_aarch64.whl", hash = "sha256:817e719a868f0dacde4abdfc5c1910b301877970195db9ab6a5e2c4bd5b121f7", size = 14354338 },
    { url = "https://files.pythonhosted.org/packages/1f/06/1c16103b425de7969d5a76bdf5ada0804b476fed05d5f9e17b777f1cbefd/numpy-2.3.4-cp313-cp313t-manylinux_2_27_x86_64.manylinux_2_28_x86_64.whl", hash = "sha256:85e071da78d92a214212cacea81c6da557cab307f2c34b5f85b628e94803f9c0", size = 16702392 },
    { url = "https://files.pythonhosted.org/packages/34/b2/65f4dc1b89b5322093572b6e55161bb42e3e0487067af73627f795cc9d47/numpy-2.3.4-cp313-cp313t-musllinux_1_2_aarch64.whl", hash = "sha256:2ec646892819370cf3558f518797f16597b4e4669894a2ba712caccc9da53f1f", size = 16134998 },
    { url = "https://files.pythonhosted.org/packages/d4/11/94ec578896cdb973aaf56425d6c7f2aff4186a5c00fac15ff2ec46998b46/numpy-2.3.4-cp313-cp313t-musllinux_1_2_x86_64.whl", hash = "sha256:035796aaaddfe2f9664b9a9372f089cfc88bd795a67bd1bfe15e6e770934cf64", size = 18651574 },
    { url = "https://files.pythonhosted.org/packages/62/b7/7efa763ab33dbccf56dade36938a77345ce8e8192d6b39e470ca25ff3cd0/numpy-2.3.4-cp313-cp313t-win32.whl", hash = "sha256:fea80f4f4cf83b54c3a051f2f727870ee51e22f0248d3114b8e755d160b38cfb", size = 6413135 },
    { url = "https://files.pythonhosted.org/packages/43/70/aba4c38e8400abcc2f345e13d972fb36c26409b3e644366db7649015f291/numpy-2.3.4-cp313-cp313t-win_amd64.whl", hash = "sha256:15eea9f306b98e0be91eb344a94c0e630689ef302e10c2ce5f7e11905c704f9c", size = 12928582 },
    { url = "https://files.pythonhosted.org/packages/67/63/871fad5f0073fc00fbbdd7232962ea1ac40eeaae2bba66c76214f7954236/numpy-2.3.4-cp313-cp313t-win_arm64.whl", hash = "sha256:b6c231c9c2fadbae4011ca5e7e83e12dc4a5072f1a1d85a0a7b3ed754d145a40", size = 10266691 },
    { url = "https://files.pythonhosted.org/packages/72/71/ae6170143c115732470ae3a2d01512870dd16e0953f8a6dc89525696069b/numpy-2.3.4-cp314-cp314-macosx_10_15_x86_64.whl", hash = "sha256:81c3e6d8c97295a7360d367f9f8553973651b76907988bb6066376bc2252f24e", size = 20955580 },
    { url = "https://files.pythonhosted.org/packages/af/39/4be9222ffd6ca8a30eda033d5f753276a9c3426c397bb137d8e19dedd200/numpy-2.3.4-cp314-cp314-macosx_11_0_arm64.whl", hash = "sha256:7c26b0b2bf58009ed1f38a641f3db4be8d960a417ca96d14e5b06df1506d41ff", size = 14188056 },
    { url = "https://files.pythonhosted.org/packages/6c/3d/d85f6700d0a4aa4f9491030e1021c2b2b7421b2b38d01acd16734a2bfdc7/numpy-2.3.4-cp314-cp314-macosx_14_0_arm64.whl", hash = "sha256:62b2198c438058a20b6704351b35a1d7db881812d8512d67a69c9de1f18ca05f", size = 5116555 },
    { url = "https://files.pythonhosted.org/packages/bf/04/82c1467d86f47eee8a19a464c92f90a9bb68ccf14a54c5224d7031241ffb/numpy-2.3.4-cp314-cp314-macosx_14_0_x86_64.whl", hash = "sha256:9d729d60f8d53a7361707f4b68a9663c968882dd4f09e0d58c044c8bf5faee7b", size = 6643581 },
    { url = "https://files.pythonhosted.org/packages/0c/d3/c79841741b837e293f48bd7db89d0ac7a4f2503b382b78a790ef1dc778a5/numpy-2.3.4-cp314-cp314-manylinux_2_27_aarch64.manylinux_2_28_aarch64.whl", hash = "sha256:bd0c630cf256b0a7fd9d0a11c9413b42fef5101219ce6ed5a09624f5a65392c7", size = 14299186 },
    { url = "https://files.pythonhosted.org/packages/e8/7e/4a14a769741fbf237eec5a12a2cbc7a4c4e061852b6533bcb9e9a796c908/numpy-2.3.4-cp314-cp314-manylinux_2_27_x86_64.manylinux_2_28_x86_64.whl", hash = "sha256:d5e081bc082825f8b139f9e9fe42942cb4054524598aaeb177ff476cc76d09d2", size = 16638601 },
    { url = "https://files.pythonhosted.org/packages/93/87/1c1de269f002ff0a41173fe01dcc925f4ecff59264cd8f96cf3b60d12c9b/numpy-2.3.4-cp314-cp314-musllinux_1_2_aarch64.whl", hash = "sha256:15fb27364ed84114438fff8aaf998c9e19adbeba08c0b75409f8c452a8692c52", size = 16074219 },
    { url = "https://files.pythonhosted.org/packages/cd/28/18f72ee77408e40a76d691001ae599e712ca2a47ddd2c4f695b16c65f077/numpy-2.3.4-cp314-cp314-musllinux_1_2_x86_64.whl", hash = "sha256:85d9fb2d8cd998c84d13a79a09cc0c1091648e848e4e6249b0ccd7f6b487fa26", size = 18576702 },
    { url = "https://files.pythonhosted.org/packages/c3/76/95650169b465ececa8cf4b2e8f6df255d4bf662775e797ade2025cc51ae6/numpy-2.3.4-cp314-cp314-win32.whl", hash = "sha256:e73d63fd04e3a9d6bc187f5455d81abfad05660b212c8804bf3b407e984cd2bc", size = 6337136 },
    { url = "https://files.pythonhosted.org/packages/dc/89/a231a5c43ede5d6f77ba4a91e915a87dea4aeea76560ba4d2bf185c683f0/numpy-2.3.4-cp314-cp314-win_amd64.whl", hash = "sha256:3da3491cee49cf16157e70f607c03a217ea6647b1cea4819c4f48e53d49139b9", size = 12920542 },
    { url = "https://files.pythonhosted.org/packages/0d/0c/ae9434a888f717c5ed2ff2393b3f344f0ff6f1c793519fa0c540461dc530/numpy-2.3.4-cp314-cp314-win_arm64.whl", hash = "sha256:6d9cd732068e8288dbe2717177320723ccec4fb064123f0caf9bbd90ab5be868", size = 10480213 },
    { url = "https://files.pythonhosted.org/packages/83/4b/c4a5f0841f92536f6b9592694a5b5f68c9ab37b775ff342649eadf9055d3/numpy-2.3.4-cp314-cp314t-macosx_10_15_x86_64.whl", hash = "sha256:22758999b256b595cf0b1d102b133bb61866ba5ceecf15f759623b64c020c9ec", size = 21052280 },
    { url = "https://files.pythonhosted.org/packages/3e/80/90308845fc93b984d2cc96d83e2324ce8ad1fd6efea81b324cba4b673854/numpy-2.3.4-cp314-cp314t-macosx_11_0_arm64.whl", hash = "sha256:9cb177bc55b010b19798dc5497d540dea67fd13a8d9e882b2dae71de0cf09eb3", size = 14302930 },
    { url = "https://files.pythonhosted.org/packages/3d/4e/07439f22f2a3b247cec4d63a713faae55e1141a36e77fb212881f7cda3fb/numpy-2.3.4-cp314-cp314t-macosx_14_0_arm64.whl", hash = "sha256:0f2bcc76f1e05e5ab58893407c63d90b2029908fa41f9f1cc51eecce936c3365", size = 5231504 },
    { url = "https://files.pythonhosted.org/packages/ab/de/1e11f2547e2fe3d00482b19721855348b94ada8359aef5d40dd57bfae9df/numpy-2.3.4-cp314-cp314t-macosx_14_0_x86_64.whl", hash = "sha256:8dc20bde86802df2ed8397a08d793da0ad7a5fd4ea3ac85d757bf5dd4ad7c252", size = 6739405 },
    { url = "https://files.pythonhosted.org/packages/3b/40/8cd57393a26cebe2e923005db5134a946c62fa56a1087dc7c478f3e30837/numpy-2.3.4-cp314-cp314t-manylinux_2_27_aarch64.manylinux_2_28_aarch64.whl", hash = "sha256:5e199c087e2aa71c8f9ce1cb7a8e10677dc12457e7cc1be4798632da37c3e86e", size = 14354866 },
    { url = "https://files.pythonhosted.org/packages/93/39/5b3510f023f96874ee6fea2e40dfa99313a00bf3ab779f3c92978f34aace/numpy-2.3.4-cp314-cp314t-manylinux_2_27_x86_64.manylinux_2_28_x86_64.whl", hash = "sha256:85597b2d25ddf655495e2363fe044b0ae999b75bc4d630dc0d886484b03a5eb0", size = 16703296 },
    { url = "https://files.pythonhosted.org/packages/41/0d/19bb163617c8045209c1996c4e427bccbc4bbff1e2c711f39203c8ddbb4a/numpy-2.3.4-cp314-cp314t-musllinux_1_2_aarch64.whl", hash = "sha256:04a69abe45b49c5955923cf2c407843d1c85013b424ae8a560bba16c92fe44a0", size = 16136046 },
    { url = "https://files.pythonhosted.org/packages/e2/c1/6dba12fdf68b02a21ac411c9df19afa66bed2540f467150ca64d246b463d/numpy-2.3.4-cp314-cp314t-musllinux_1_2_x86_64.whl", hash = "sha256:e1708fac43ef8b419c975926ce1eaf793b0c13b7356cfab6ab0dc34c0a02ac0f", size = 18652691 },
    { url = "https://files.pythonhosted.org/packages/f8/73/f85056701dbbbb910c51d846c58d29fd46b30eecd2b6ba760fc8b8a1641b/numpy-2.3.4-cp314-cp314t-win32.whl", hash = "sha256:863e3b5f4d9915aaf1b8ec79ae560ad21f0b8d5e3adc31e73126491bb86dee1d", size = 6485782 },
    { url = "https://files.pythonhosted.org/packages/17/90/28fa6f9865181cb817c2471ee65678afa8a7e2a1fb16141473d5fa6bacc3/numpy-2.3.4-cp314-cp314t-win_amd64.whl", hash = "sha256:962064de37b9aef801d33bc579690f8bfe6c5e70e29b61783f60bcba838a14d6", size = 13113301 },
    { url = "https://files.pythonhosted.org/packages/54/23/08c002201a8e7e1f9afba93b97deceb813252d9cfd0d3351caed123dcf97/numpy-2.3.4-cp314-cp314t-win_arm64.whl", hash = "sha256:8b5a9a39c45d852b62693d9b3f3e0fe052541f804296ff401a72a1b60edafb29", size = 10547532 },
]

[[package]]
name = "opencal"
version = "0.1.0"
source = { virtual = "." }
dependencies = [
    { name = "gpiozero" },
    { name = "opencv-python" },
    { name = "pi5neo" },
    { name = "rplcd" },
    { name = "smbus2" },
]

[package.metadata]
requires-dist = [
    { name = "gpiozero", specifier = "==2.0.1" },
    { name = "opencv-python", specifier = "==4.11.0.86" },
    { name = "pi5neo", specifier = "==1.0.5" },
    { name = "rplcd", specifier = "==1.4.0" },
    { name = "smbus2", specifier = "==0.5.0" },
]

[[package]]
name = "opencv-python"
version = "4.11.0.86"
source = { registry = "https://pypi.org/simple" }
dependencies = [
    { name = "numpy" },
]
sdist = { url = "https://files.pythonhosted.org/packages/17/06/68c27a523103dad5837dc5b87e71285280c4f098c60e4fe8a8db6486ab09/opencv-python-4.11.0.86.tar.gz", hash = "sha256:03d60ccae62304860d232272e4a4fda93c39d595780cb40b161b310244b736a4", size = 95171956 }
wheels = [
    { url = "https://files.pythonhosted.org/packages/05/4d/53b30a2a3ac1f75f65a59eb29cf2ee7207ce64867db47036ad61743d5a23/opencv_python-4.11.0.86-cp37-abi3-macosx_13_0_arm64.whl", hash = "sha256:432f67c223f1dc2824f5e73cdfcd9db0efc8710647d4e813012195dc9122a52a", size = 37326322 },
    { url = "https://files.pythonhosted.org/packages/3b/84/0a67490741867eacdfa37bc18df96e08a9d579583b419010d7f3da8ff503/opencv_python-4.11.0.86-cp37-abi3-macosx_13_0_x86_64.whl", hash = "sha256:9d05ef13d23fe97f575153558653e2d6e87103995d54e6a35db3f282fe1f9c66", size = 56723197 },
    { url = "https://files.pythonhosted.org/packages/f3/bd/29c126788da65c1fb2b5fb621b7fed0ed5f9122aa22a0868c5e2c15c6d23/opencv_python-4.11.0.86-cp37-abi3-manylinux_2_17_aarch64.manylinux2014_aarch64.whl", hash = "sha256:1b92ae2c8852208817e6776ba1ea0d6b1e0a1b5431e971a2a0ddd2a8cc398202", size = 42230439 },
    { url = "https://files.pythonhosted.org/packages/2c/8b/90eb44a40476fa0e71e05a0283947cfd74a5d36121a11d926ad6f3193cc4/opencv_python-4.11.0.86-cp37-abi3-manylinux_2_17_x86_64.manylinux2014_x86_64.whl", hash = "sha256:6b02611523803495003bd87362db3e1d2a0454a6a63025dc6658a9830570aa0d", size = 62986597 },
    { url = "https://files.pythonhosted.org/packages/fb/d7/1d5941a9dde095468b288d989ff6539dd69cd429dbf1b9e839013d21b6f0/opencv_python-4.11.0.86-cp37-abi3-win32.whl", hash = "sha256:810549cb2a4aedaa84ad9a1c92fbfdfc14090e2749cedf2c1589ad8359aa169b", size = 29384337 },
    { url = "https://files.pythonhosted.org/packages/a4/7d/f1c30a92854540bf789e9cd5dde7ef49bbe63f855b85a2e6b3db8135c591/opencv_python-4.11.0.86-cp37-abi3-win_amd64.whl", hash = "sha256:085ad9b77c18853ea66283e98affefe2de8cc4c1f43eda4c100cf9b2721142ec", size = 39488044 },
]

[[package]]
name = "pi5neo"
version = "1.0.5"
source = { registry = "https://pypi.org/simple" }
dependencies = [
    { name = "spidev" },
]
sdist = { url = "https://files.pythonhosted.org/packages/45/b6/c8d24e7306d7c6e670086c7f7c2c9dd3ae596a20b82aee3ce839ced2dd7f/pi5neo-1.0.5.tar.gz", hash = "sha256:490a8c54c769ccb1a578e81f68d301ee6af3129126bc58585e79de24f82811e2", size = 8782 }
wheels = [
    { url = "https://files.pythonhosted.org/packages/b3/17/3bbcfc633d59f6c5058fbaa603fe3a76569c83727bf109ed71fe6903cc44/Pi5Neo-1.0.5-py3-none-any.whl", hash = "sha256:1bc9ddbe83940e42df2f4068c743a66e22ccf1f8b06954796c9fe47c6ff023ed", size = 5715 },
    { url = "https://files.pythonhosted.org/packages/9a/e5/24587b696a8d80bb26ff593c24550d8d31d784b71cff651679de6a1f965d/pi5neo-1.0.5-py3-none-any.whl", hash = "sha256:0cf39c1a7d6776ea5a8137792c2a59080566cf719bfcb9c9d71c2b8c87447f4a", size = 6292 },
]

[[package]]
name = "rplcd"
version = "1.4.0"
source = { registry = "https://pypi.org/simple" }
sdist = { url = "https://files.pythonhosted.org/packages/af/64/178ba17c8c44fa7816bab0a9c2172174a21574fee860e5b53a4939c9bd44/rplcd-1.4.0.tar.gz", hash = "sha256:265d6a54e4ed8b1615dbd6b33c6f20ff671c656148cab311ae1b6fa37080095a", size = 36450 }
wheels = [
    { url = "https://files.pythonhosted.org/packages/83/f5/f3bc1ed33b44c360ca2aceccec4513ee3e2620d23eab32ccb04ab5f51cb9/rplcd-1.4.0-py3-none-any.whl", hash = "sha256:cea57fa96130bced88f6001acdb6169538c29409b2e3bb344c2c30cbb1cb192c", size = 48210 },
]

[[package]]
name = "setuptools"
version = "80.9.0"
source = { registry = "https://pypi.org/simple" }
sdist = { url = "https://files.pythonhosted.org/packages/18/5d/3bf57dcd21979b887f014ea83c24ae194cfcd12b9e0fda66b957c69d1fca/setuptools-80.9.0.tar.gz", hash = "sha256:f36b47402ecde768dbfafc46e8e4207b4360c654f1f3bb84475f0a28628fb19c", size = 1319958 }
wheels = [
    { url = "https://files.pythonhosted.org/packages/a3/dc/17031897dae0efacfea57dfd3a82fdd2a2aeb58e0ff71b77b87e44edc772/setuptools-80.9.0-py3-none-any.whl", hash = "sha256:062d34222ad13e0cc312a4c02d73f059e86a4acbfbdea8f8f76b28c99f306922", size = 1201486 },
]

[[package]]
name = "smbus2"
version = "0.5.0"
source = { registry = "https://pypi.org/simple" }
sdist = { url = "https://files.pythonhosted.org/packages/10/c9/6d85aa809e107adf85303010a59b340be109c8f815cbedc5c08c73bcffef/smbus2-0.5.0.tar.gz", hash = "sha256:4a5946fd82277870c2878befdb1a29bb28d15cda14ea4d8d2d54cf3d4bdcb035", size = 16950 }
wheels = [
    { url = "https://files.pythonhosted.org/packages/85/9f/2235ba9001e3c29fc342eeb222104420bcb7bac51555f0c034376a744075/smbus2-0.5.0-py2.py3-none-any.whl", hash = "sha256:1a15c3b9fa69357beb038cc0b5d37939702f8bfde1ddc89ca9f17d8461dbe949", size = 11527 },
]

[[package]]
name = "spidev"
version = "3.8"
source = { registry = "https://pypi.org/simple" }
sdist = { url = "https://files.pythonhosted.org/packages/67/87/039b6eeea781598015b538691bc174cc0bf77df9d4d2d3b8bf9245c0de8c/spidev-3.8.tar.gz", hash = "sha256:2bc02fb8c6312d519ebf1f4331067427c0921d3f77b8bcaf05189a2e8b8382c0", size = 13893 }
